
Microsoft Visual Studio Solution File, Format Version 12.00
# Visual Studio 15
VisualStudioVersion = 15.0.28307.438
MinimumVisualStudioVersion = 10.0.40219.1
Project("{FAE04EC0-301F-11D3-BF4B-00C04F79EFBC}") = "twk.Android", "twk\twk.Android\twk.Android.csproj", "{34F19ED6-82FD-4BC8-9C68-C5945095F537}"
EndProject
Project("{FAE04EC0-301F-11D3-BF4B-00C04F79EFBC}") = "twk.iOS", "twk\twk.iOS\twk.iOS.csproj", "{47C704AF-CECA-4D73-BE87-5348D303E7CC}"
EndProject
Project("{FAE04EC0-301F-11D3-BF4B-00C04F79EFBC}") = "twk.UWP", "twk\twk.UWP\twk.UWP.csproj", "{83AD0C5A-264F-4020-AC9D-99260E724AFE}"
EndProject
Project("{FAE04EC0-301F-11D3-BF4B-00C04F79EFBC}") = "twk", "twk\twk\twk.csproj", "{9D6270A5-FEFA-48B4-8B87-CA4E73F2C9BF}"
EndProject
Global
	GlobalSection(SolutionConfigurationPlatforms) = preSolution
		Ad-Hoc|Any CPU = Ad-Hoc|Any CPU
		Ad-Hoc|ARM = Ad-Hoc|ARM
		Ad-Hoc|iPhone = Ad-Hoc|iPhone
		Ad-Hoc|iPhoneSimulator = Ad-Hoc|iPhoneSimulator
		Ad-Hoc|x64 = Ad-Hoc|x64
		Ad-Hoc|x86 = Ad-Hoc|x86
		AppStore|Any CPU = AppStore|Any CPU
		AppStore|ARM = AppStore|ARM
		AppStore|iPhone = AppStore|iPhone
		AppStore|iPhoneSimulator = AppStore|iPhoneSimulator
		AppStore|x64 = AppStore|x64
		AppStore|x86 = AppStore|x86
		Debug|Any CPU = Debug|Any CPU
		Debug|ARM = Debug|ARM
		Debug|iPhone = Debug|iPhone
		Debug|iPhoneSimulator = Debug|iPhoneSimulator
		Debug|x64 = Debug|x64
		Debug|x86 = Debug|x86
		Release|Any CPU = Release|Any CPU
		Release|ARM = Release|ARM
		Release|iPhone = Release|iPhone
		Release|iPhoneSimulator = Release|iPhoneSimulator
		Release|x64 = Release|x64
		Release|x86 = Release|x86
	EndGlobalSection
	GlobalSection(ProjectConfigurationPlatforms) = postSolution
		{34F19ED6-82FD-4BC8-9C68-C5945095F537}.Ad-Hoc|Any CPU.ActiveCfg = Release|Any CPU
		{34F19ED6-82FD-4BC8-9C68-C5945095F537}.Ad-Hoc|Any CPU.Build.0 = Release|Any CPU
		{34F19ED6-82FD-4BC8-9C68-C5945095F537}.Ad-Hoc|Any CPU.Deploy.0 = Release|Any CPU
		{34F19ED6-82FD-4BC8-9C68-C5945095F537}.Ad-Hoc|ARM.ActiveCfg = Release|Any CPU
		{34F19ED6-82FD-4BC8-9C68-C5945095F537}.Ad-Hoc|ARM.Build.0 = Release|Any CPU
		{34F19ED6-82FD-4BC8-9C68-C5945095F537}.Ad-Hoc|ARM.Deploy.0 = Release|Any CPU
		{34F19ED6-82FD-4BC8-9C68-C5945095F537}.Ad-Hoc|iPhone.ActiveCfg = Release|Any CPU
		{34F19ED6-82FD-4BC8-9C68-C5945095F537}.Ad-Hoc|iPhone.Build.0 = Release|Any CPU
		{34F19ED6-82FD-4BC8-9C68-C5945095F537}.Ad-Hoc|iPhone.Deploy.0 = Release|Any CPU
		{34F19ED6-82FD-4BC8-9C68-C5945095F537}.Ad-Hoc|iPhoneSimulator.ActiveCfg = Release|Any CPU
		{34F19ED6-82FD-4BC8-9C68-C5945095F537}.Ad-Hoc|iPhoneSimulator.Build.0 = Release|Any CPU
		{34F19ED6-82FD-4BC8-9C68-C5945095F537}.Ad-Hoc|iPhoneSimulator.Deploy.0 = Release|Any CPU
		{34F19ED6-82FD-4BC8-9C68-C5945095F537}.Ad-Hoc|x64.ActiveCfg = Release|Any CPU
		{34F19ED6-82FD-4BC8-9C68-C5945095F537}.Ad-Hoc|x64.Build.0 = Release|Any CPU
		{34F19ED6-82FD-4BC8-9C68-C5945095F537}.Ad-Hoc|x64.Deploy.0 = Release|Any CPU
		{34F19ED6-82FD-4BC8-9C68-C5945095F537}.Ad-Hoc|x86.ActiveCfg = Release|Any CPU
		{34F19ED6-82FD-4BC8-9C68-C5945095F537}.Ad-Hoc|x86.Build.0 = Release|Any CPU
		{34F19ED6-82FD-4BC8-9C68-C5945095F537}.Ad-Hoc|x86.Deploy.0 = Release|Any CPU
		{34F19ED6-82FD-4BC8-9C68-C5945095F537}.AppStore|Any CPU.ActiveCfg = Release|Any CPU
		{34F19ED6-82FD-4BC8-9C68-C5945095F537}.AppStore|Any CPU.Build.0 = Release|Any CPU
		{34F19ED6-82FD-4BC8-9C68-C5945095F537}.AppStore|Any CPU.Deploy.0 = Release|Any CPU
		{34F19ED6-82FD-4BC8-9C68-C5945095F537}.AppStore|ARM.ActiveCfg = Release|Any CPU
		{34F19ED6-82FD-4BC8-9C68-C5945095F537}.AppStore|ARM.Build.0 = Release|Any CPU
		{34F19ED6-82FD-4BC8-9C68-C5945095F537}.AppStore|ARM.Deploy.0 = Release|Any CPU
		{34F19ED6-82FD-4BC8-9C68-C5945095F537}.AppStore|iPhone.ActiveCfg = Release|Any CPU
		{34F19ED6-82FD-4BC8-9C68-C5945095F537}.AppStore|iPhone.Build.0 = Release|Any CPU
		{34F19ED6-82FD-4BC8-9C68-C5945095F537}.AppStore|iPhone.Deploy.0 = Release|Any CPU
		{34F19ED6-82FD-4BC8-9C68-C5945095F537}.AppStore|iPhoneSimulator.ActiveCfg = Release|Any CPU
		{34F19ED6-82FD-4BC8-9C68-C5945095F537}.AppStore|iPhoneSimulator.Build.0 = Release|Any CPU
		{34F19ED6-82FD-4BC8-9C68-C5945095F537}.AppStore|iPhoneSimulator.Deploy.0 = Release|Any CPU
		{34F19ED6-82FD-4BC8-9C68-C5945095F537}.AppStore|x64.ActiveCfg = Release|Any CPU
		{34F19ED6-82FD-4BC8-9C68-C5945095F537}.AppStore|x64.Build.0 = Release|Any CPU
		{34F19ED6-82FD-4BC8-9C68-C5945095F537}.AppStore|x64.Deploy.0 = Release|Any CPU
		{34F19ED6-82FD-4BC8-9C68-C5945095F537}.AppStore|x86.ActiveCfg = Release|Any CPU
		{34F19ED6-82FD-4BC8-9C68-C5945095F537}.AppStore|x86.Build.0 = Release|Any CPU
		{34F19ED6-82FD-4BC8-9C68-C5945095F537}.AppStore|x86.Deploy.0 = Release|Any CPU
		{34F19ED6-82FD-4BC8-9C68-C5945095F537}.Debug|Any CPU.ActiveCfg = Debug|Any CPU
		{34F19ED6-82FD-4BC8-9C68-C5945095F537}.Debug|Any CPU.Build.0 = Debug|Any CPU
		{34F19ED6-82FD-4BC8-9C68-C5945095F537}.Debug|Any CPU.Deploy.0 = Debug|Any CPU
		{34F19ED6-82FD-4BC8-9C68-C5945095F537}.Debug|ARM.ActiveCfg = Debug|Any CPU
		{34F19ED6-82FD-4BC8-9C68-C5945095F537}.Debug|ARM.Build.0 = Debug|Any CPU
		{34F19ED6-82FD-4BC8-9C68-C5945095F537}.Debug|ARM.Deploy.0 = Debug|Any CPU
		{34F19ED6-82FD-4BC8-9C68-C5945095F537}.Debug|iPhone.ActiveCfg = Debug|Any CPU
		{34F19ED6-82FD-4BC8-9C68-C5945095F537}.Debug|iPhone.Build.0 = Debug|Any CPU
		{34F19ED6-82FD-4BC8-9C68-C5945095F537}.Debug|iPhone.Deploy.0 = Debug|Any CPU
		{34F19ED6-82FD-4BC8-9C68-C5945095F537}.Debug|iPhoneSimulator.ActiveCfg = Debug|Any CPU
		{34F19ED6-82FD-4BC8-9C68-C5945095F537}.Debug|iPhoneSimulator.Build.0 = Debug|Any CPU
		{34F19ED6-82FD-4BC8-9C68-C5945095F537}.Debug|iPhoneSimulator.Deploy.0 = Debug|Any CPU
		{34F19ED6-82FD-4BC8-9C68-C5945095F537}.Debug|x64.ActiveCfg = Debug|Any CPU
		{34F19ED6-82FD-4BC8-9C68-C5945095F537}.Debug|x64.Build.0 = Debug|Any CPU
		{34F19ED6-82FD-4BC8-9C68-C5945095F537}.Debug|x64.Deploy.0 = Debug|Any CPU
		{34F19ED6-82FD-4BC8-9C68-C5945095F537}.Debug|x86.ActiveCfg = Debug|Any CPU
		{34F19ED6-82FD-4BC8-9C68-C5945095F537}.Debug|x86.Build.0 = Debug|Any CPU
		{34F19ED6-82FD-4BC8-9C68-C5945095F537}.Debug|x86.Deploy.0 = Debug|Any CPU
		{34F19ED6-82FD-4BC8-9C68-C5945095F537}.Release|Any CPU.ActiveCfg = Release|Any CPU
		{34F19ED6-82FD-4BC8-9C68-C5945095F537}.Release|Any CPU.Build.0 = Release|Any CPU
		{34F19ED6-82FD-4BC8-9C68-C5945095F537}.Release|Any CPU.Deploy.0 = Release|Any CPU
		{34F19ED6-82FD-4BC8-9C68-C5945095F537}.Release|ARM.ActiveCfg = Release|Any CPU
		{34F19ED6-82FD-4BC8-9C68-C5945095F537}.Release|ARM.Build.0 = Release|Any CPU
		{34F19ED6-82FD-4BC8-9C68-C5945095F537}.Release|ARM.Deploy.0 = Release|Any CPU
		{34F19ED6-82FD-4BC8-9C68-C5945095F537}.Release|iPhone.ActiveCfg = Release|Any CPU
		{34F19ED6-82FD-4BC8-9C68-C5945095F537}.Release|iPhone.Build.0 = Release|Any CPU
		{34F19ED6-82FD-4BC8-9C68-C5945095F537}.Release|iPhone.Deploy.0 = Release|Any CPU
		{34F19ED6-82FD-4BC8-9C68-C5945095F537}.Release|iPhoneSimulator.ActiveCfg = Release|Any CPU
		{34F19ED6-82FD-4BC8-9C68-C5945095F537}.Release|iPhoneSimulator.Build.0 = Release|Any CPU
		{34F19ED6-82FD-4BC8-9C68-C5945095F537}.Release|iPhoneSimulator.Deploy.0 = Release|Any CPU
		{34F19ED6-82FD-4BC8-9C68-C5945095F537}.Release|x64.ActiveCfg = Release|Any CPU
		{34F19ED6-82FD-4BC8-9C68-C5945095F537}.Release|x64.Build.0 = Release|Any CPU
		{34F19ED6-82FD-4BC8-9C68-C5945095F537}.Release|x64.Deploy.0 = Release|Any CPU
		{34F19ED6-82FD-4BC8-9C68-C5945095F537}.Release|x86.ActiveCfg = Release|Any CPU
		{34F19ED6-82FD-4BC8-9C68-C5945095F537}.Release|x86.Build.0 = Release|Any CPU
		{34F19ED6-82FD-4BC8-9C68-C5945095F537}.Release|x86.Deploy.0 = Release|Any CPU
		{47C704AF-CECA-4D73-BE87-5348D303E7CC}.Ad-Hoc|Any CPU.ActiveCfg = Ad-Hoc|iPhone
		{47C704AF-CECA-4D73-BE87-5348D303E7CC}.Ad-Hoc|Any CPU.Build.0 = Ad-Hoc|iPhone
		{47C704AF-CECA-4D73-BE87-5348D303E7CC}.Ad-Hoc|Any CPU.Deploy.0 = Ad-Hoc|iPhone
		{47C704AF-CECA-4D73-BE87-5348D303E7CC}.Ad-Hoc|ARM.ActiveCfg = Ad-Hoc|iPhone
		{47C704AF-CECA-4D73-BE87-5348D303E7CC}.Ad-Hoc|ARM.Build.0 = Ad-Hoc|iPhone
		{47C704AF-CECA-4D73-BE87-5348D303E7CC}.Ad-Hoc|ARM.Deploy.0 = Ad-Hoc|iPhone
		{47C704AF-CECA-4D73-BE87-5348D303E7CC}.Ad-Hoc|iPhone.ActiveCfg = Ad-Hoc|iPhone
		{47C704AF-CECA-4D73-BE87-5348D303E7CC}.Ad-Hoc|iPhone.Build.0 = Ad-Hoc|iPhone
		{47C704AF-CECA-4D73-BE87-5348D303E7CC}.Ad-Hoc|iPhone.Deploy.0 = Ad-Hoc|iPhone
		{47C704AF-CECA-4D73-BE87-5348D303E7CC}.Ad-Hoc|iPhoneSimulator.ActiveCfg = Ad-Hoc|iPhoneSimulator
		{47C704AF-CECA-4D73-BE87-5348D303E7CC}.Ad-Hoc|iPhoneSimulator.Build.0 = Ad-Hoc|iPhoneSimulator
		{47C704AF-CECA-4D73-BE87-5348D303E7CC}.Ad-Hoc|iPhoneSimulator.Deploy.0 = Ad-Hoc|iPhoneSimulator
		{47C704AF-CECA-4D73-BE87-5348D303E7CC}.Ad-Hoc|x64.ActiveCfg = Ad-Hoc|iPhone
		{47C704AF-CECA-4D73-BE87-5348D303E7CC}.Ad-Hoc|x64.Build.0 = Ad-Hoc|iPhone
		{47C704AF-CECA-4D73-BE87-5348D303E7CC}.Ad-Hoc|x64.Deploy.0 = Ad-Hoc|iPhone
		{47C704AF-CECA-4D73-BE87-5348D303E7CC}.Ad-Hoc|x86.ActiveCfg = Ad-Hoc|iPhone
		{47C704AF-CECA-4D73-BE87-5348D303E7CC}.Ad-Hoc|x86.Build.0 = Ad-Hoc|iPhone
		{47C704AF-CECA-4D73-BE87-5348D303E7CC}.Ad-Hoc|x86.Deploy.0 = Ad-Hoc|iPhone
		{47C704AF-CECA-4D73-BE87-5348D303E7CC}.AppStore|Any CPU.ActiveCfg = AppStore|iPhone
		{47C704AF-CECA-4D73-BE87-5348D303E7CC}.AppStore|Any CPU.Build.0 = AppStore|iPhone
		{47C704AF-CECA-4D73-BE87-5348D303E7CC}.AppStore|Any CPU.Deploy.0 = AppStore|iPhone
		{47C704AF-CECA-4D73-BE87-5348D303E7CC}.AppStore|ARM.ActiveCfg = AppStore|iPhone
		{47C704AF-CECA-4D73-BE87-5348D303E7CC}.AppStore|ARM.Build.0 = AppStore|iPhone
		{47C704AF-CECA-4D73-BE87-5348D303E7CC}.AppStore|ARM.Deploy.0 = AppStore|iPhone
		{47C704AF-CECA-4D73-BE87-5348D303E7CC}.AppStore|iPhone.ActiveCfg = AppStore|iPhone
		{47C704AF-CECA-4D73-BE87-5348D303E7CC}.AppStore|iPhone.Build.0 = AppStore|iPhone
		{47C704AF-CECA-4D73-BE87-5348D303E7CC}.AppStore|iPhone.Deploy.0 = AppStore|iPhone
		{47C704AF-CECA-4D73-BE87-5348D303E7CC}.AppStore|iPhoneSimulator.ActiveCfg = AppStore|iPhoneSimulator
		{47C704AF-CECA-4D73-BE87-5348D303E7CC}.AppStore|iPhoneSimulator.Build.0 = AppStore|iPhoneSimulator
		{47C704AF-CECA-4D73-BE87-5348D303E7CC}.AppStore|iPhoneSimulator.Deploy.0 = AppStore|iPhoneSimulator
		{47C704AF-CECA-4D73-BE87-5348D303E7CC}.AppStore|x64.ActiveCfg = AppStore|iPhone
		{47C704AF-CECA-4D73-BE87-5348D303E7CC}.AppStore|x64.Build.0 = AppStore|iPhone
		{47C704AF-CECA-4D73-BE87-5348D303E7CC}.AppStore|x64.Deploy.0 = AppStore|iPhone
		{47C704AF-CECA-4D73-BE87-5348D303E7CC}.AppStore|x86.ActiveCfg = AppStore|iPhone
		{47C704AF-CECA-4D73-BE87-5348D303E7CC}.AppStore|x86.Build.0 = AppStore|iPhone
		{47C704AF-CECA-4D73-BE87-5348D303E7CC}.AppStore|x86.Deploy.0 = AppStore|iPhone
		{47C704AF-CECA-4D73-BE87-5348D303E7CC}.Debug|Any CPU.ActiveCfg = Debug|iPhoneSimulator
		{47C704AF-CECA-4D73-BE87-5348D303E7CC}.Debug|Any CPU.Build.0 = Debug|iPhoneSimulator
		{47C704AF-CECA-4D73-BE87-5348D303E7CC}.Debug|Any CPU.Deploy.0 = Debug|iPhoneSimulator
		{47C704AF-CECA-4D73-BE87-5348D303E7CC}.Debug|ARM.ActiveCfg = Debug|iPhone
		{47C704AF-CECA-4D73-BE87-5348D303E7CC}.Debug|ARM.Build.0 = Debug|iPhone
		{47C704AF-CECA-4D73-BE87-5348D303E7CC}.Debug|ARM.Deploy.0 = Debug|iPhone
		{47C704AF-CECA-4D73-BE87-5348D303E7CC}.Debug|iPhone.ActiveCfg = Debug|iPhone
		{47C704AF-CECA-4D73-BE87-5348D303E7CC}.Debug|iPhone.Build.0 = Debug|iPhone
		{47C704AF-CECA-4D73-BE87-5348D303E7CC}.Debug|iPhone.Deploy.0 = Debug|iPhone
		{47C704AF-CECA-4D73-BE87-5348D303E7CC}.Debug|iPhoneSimulator.ActiveCfg = Debug|iPhoneSimulator
		{47C704AF-CECA-4D73-BE87-5348D303E7CC}.Debug|iPhoneSimulator.Build.0 = Debug|iPhoneSimulator
		{47C704AF-CECA-4D73-BE87-5348D303E7CC}.Debug|iPhoneSimulator.Deploy.0 = Debug|iPhoneSimulator
		{47C704AF-CECA-4D73-BE87-5348D303E7CC}.Debug|x64.ActiveCfg = Debug|iPhone
		{47C704AF-CECA-4D73-BE87-5348D303E7CC}.Debug|x64.Build.0 = Debug|iPhone
		{47C704AF-CECA-4D73-BE87-5348D303E7CC}.Debug|x64.Deploy.0 = Debug|iPhone
		{47C704AF-CECA-4D73-BE87-5348D303E7CC}.Debug|x86.ActiveCfg = Debug|iPhone
		{47C704AF-CECA-4D73-BE87-5348D303E7CC}.Debug|x86.Build.0 = Debug|iPhone
		{47C704AF-CECA-4D73-BE87-5348D303E7CC}.Debug|x86.Deploy.0 = Debug|iPhone
		{47C704AF-CECA-4D73-BE87-5348D303E7CC}.Release|Any CPU.ActiveCfg = Release|iPhone
		{47C704AF-CECA-4D73-BE87-5348D303E7CC}.Release|Any CPU.Build.0 = Release|iPhone
		{47C704AF-CECA-4D73-BE87-5348D303E7CC}.Release|Any CPU.Deploy.0 = Release|iPhone
		{47C704AF-CECA-4D73-BE87-5348D303E7CC}.Release|ARM.ActiveCfg = Release|iPhone
		{47C704AF-CECA-4D73-BE87-5348D303E7CC}.Release|ARM.Build.0 = Release|iPhone
		{47C704AF-CECA-4D73-BE87-5348D303E7CC}.Release|ARM.Deploy.0 = Release|iPhone
		{47C704AF-CECA-4D73-BE87-5348D303E7CC}.Release|iPhone.ActiveCfg = Release|iPhone
		{47C704AF-CECA-4D73-BE87-5348D303E7CC}.Release|iPhone.Build.0 = Release|iPhone
		{47C704AF-CECA-4D73-BE87-5348D303E7CC}.Release|iPhone.Deploy.0 = Release|iPhone
		{47C704AF-CECA-4D73-BE87-5348D303E7CC}.Release|iPhoneSimulator.ActiveCfg = Release|iPhoneSimulator
		{47C704AF-CECA-4D73-BE87-5348D303E7CC}.Release|iPhoneSimulator.Build.0 = Release|iPhoneSimulator
		{47C704AF-CECA-4D73-BE87-5348D303E7CC}.Release|iPhoneSimulator.Deploy.0 = Release|iPhoneSimulator
		{47C704AF-CECA-4D73-BE87-5348D303E7CC}.Release|x64.ActiveCfg = Release|iPhone
		{47C704AF-CECA-4D73-BE87-5348D303E7CC}.Release|x64.Build.0 = Release|iPhone
		{47C704AF-CECA-4D73-BE87-5348D303E7CC}.Release|x64.Deploy.0 = Release|iPhone
		{47C704AF-CECA-4D73-BE87-5348D303E7CC}.Release|x86.ActiveCfg = Release|iPhone
		{47C704AF-CECA-4D73-BE87-5348D303E7CC}.Release|x86.Build.0 = Release|iPhone
		{47C704AF-CECA-4D73-BE87-5348D303E7CC}.Release|x86.Deploy.0 = Release|iPhone
		{83AD0C5A-264F-4020-AC9D-99260E724AFE}.Ad-Hoc|Any CPU.ActiveCfg = Release|x86
		{83AD0C5A-264F-4020-AC9D-99260E724AFE}.Ad-Hoc|Any CPU.Build.0 = Release|x86
		{83AD0C5A-264F-4020-AC9D-99260E724AFE}.Ad-Hoc|Any CPU.Deploy.0 = Release|x86
		{83AD0C5A-264F-4020-AC9D-99260E724AFE}.Ad-Hoc|ARM.ActiveCfg = Release|ARM
		{83AD0C5A-264F-4020-AC9D-99260E724AFE}.Ad-Hoc|ARM.Build.0 = Release|ARM
		{83AD0C5A-264F-4020-AC9D-99260E724AFE}.Ad-Hoc|ARM.Deploy.0 = Release|ARM
		{83AD0C5A-264F-4020-AC9D-99260E724AFE}.Ad-Hoc|iPhone.ActiveCfg = Release|x86
		{83AD0C5A-264F-4020-AC9D-99260E724AFE}.Ad-Hoc|iPhone.Build.0 = Release|x86
		{83AD0C5A-264F-4020-AC9D-99260E724AFE}.Ad-Hoc|iPhone.Deploy.0 = Release|x86
		{83AD0C5A-264F-4020-AC9D-99260E724AFE}.Ad-Hoc|iPhoneSimulator.ActiveCfg = Release|x86
		{83AD0C5A-264F-4020-AC9D-99260E724AFE}.Ad-Hoc|iPhoneSimulator.Build.0 = Release|x86
		{83AD0C5A-264F-4020-AC9D-99260E724AFE}.Ad-Hoc|iPhoneSimulator.Deploy.0 = Release|x86
		{83AD0C5A-264F-4020-AC9D-99260E724AFE}.Ad-Hoc|x64.ActiveCfg = Release|x64
		{83AD0C5A-264F-4020-AC9D-99260E724AFE}.Ad-Hoc|x64.Build.0 = Release|x64
		{83AD0C5A-264F-4020-AC9D-99260E724AFE}.Ad-Hoc|x64.Deploy.0 = Release|x64
		{83AD0C5A-264F-4020-AC9D-99260E724AFE}.Ad-Hoc|x86.ActiveCfg = Release|x86
		{83AD0C5A-264F-4020-AC9D-99260E724AFE}.Ad-Hoc|x86.Build.0 = Release|x86
		{83AD0C5A-264F-4020-AC9D-99260E724AFE}.Ad-Hoc|x86.Deploy.0 = Release|x86
		{83AD0C5A-264F-4020-AC9D-99260E724AFE}.AppStore|Any CPU.ActiveCfg = Release|x86
		{83AD0C5A-264F-4020-AC9D-99260E724AFE}.AppStore|Any CPU.Build.0 = Release|x86
		{83AD0C5A-264F-4020-AC9D-99260E724AFE}.AppStore|Any CPU.Deploy.0 = Release|x86
		{83AD0C5A-264F-4020-AC9D-99260E724AFE}.AppStore|ARM.ActiveCfg = Release|ARM
		{83AD0C5A-264F-4020-AC9D-99260E724AFE}.AppStore|ARM.Build.0 = Release|ARM
		{83AD0C5A-264F-4020-AC9D-99260E724AFE}.AppStore|ARM.Deploy.0 = Release|ARM
		{83AD0C5A-264F-4020-AC9D-99260E724AFE}.AppStore|iPhone.ActiveCfg = Release|x86
		{83AD0C5A-264F-4020-AC9D-99260E724AFE}.AppStore|iPhone.Build.0 = Release|x86
		{83AD0C5A-264F-4020-AC9D-99260E724AFE}.AppStore|iPhone.Deploy.0 = Release|x86
		{83AD0C5A-264F-4020-AC9D-99260E724AFE}.AppStore|iPhoneSimulator.ActiveCfg = Release|x86
		{83AD0C5A-264F-4020-AC9D-99260E724AFE}.AppStore|iPhoneSimulator.Build.0 = Release|x86
		{83AD0C5A-264F-4020-AC9D-99260E724AFE}.AppStore|iPhoneSimulator.Deploy.0 = Release|x86
		{83AD0C5A-264F-4020-AC9D-99260E724AFE}.AppStore|x64.ActiveCfg = Release|x64
		{83AD0C5A-264F-4020-AC9D-99260E724AFE}.AppStore|x64.Build.0 = Release|x64
		{83AD0C5A-264F-4020-AC9D-99260E724AFE}.AppStore|x64.Deploy.0 = Release|x64
		{83AD0C5A-264F-4020-AC9D-99260E724AFE}.AppStore|x86.ActiveCfg = Release|x86
		{83AD0C5A-264F-4020-AC9D-99260E724AFE}.AppStore|x86.Build.0 = Release|x86
		{83AD0C5A-264F-4020-AC9D-99260E724AFE}.AppStore|x86.Deploy.0 = Release|x86
		{83AD0C5A-264F-4020-AC9D-99260E724AFE}.Debug|Any CPU.ActiveCfg = Debug|x86
		{83AD0C5A-264F-4020-AC9D-99260E724AFE}.Debug|Any CPU.Build.0 = Debug|x86
		{83AD0C5A-264F-4020-AC9D-99260E724AFE}.Debug|Any CPU.Deploy.0 = Debug|x86
		{83AD0C5A-264F-4020-AC9D-99260E724AFE}.Debug|ARM.ActiveCfg = Debug|ARM
		{83AD0C5A-264F-4020-AC9D-99260E724AFE}.Debug|ARM.Build.0 = Debug|ARM
		{83AD0C5A-264F-4020-AC9D-99260E724AFE}.Debug|ARM.Deploy.0 = Debug|ARM
		{83AD0C5A-264F-4020-AC9D-99260E724AFE}.Debug|iPhone.ActiveCfg = Debug|x86
		{83AD0C5A-264F-4020-AC9D-99260E724AFE}.Debug|iPhone.Build.0 = Debug|x86
		{83AD0C5A-264F-4020-AC9D-99260E724AFE}.Debug|iPhone.Deploy.0 = Debug|x86
		{83AD0C5A-264F-4020-AC9D-99260E724AFE}.Debug|iPhoneSimulator.ActiveCfg = Debug|x86
		{83AD0C5A-264F-4020-AC9D-99260E724AFE}.Debug|iPhoneSimulator.Build.0 = Debug|x86
		{83AD0C5A-264F-4020-AC9D-99260E724AFE}.Debug|iPhoneSimulator.Deploy.0 = Debug|x86
		{83AD0C5A-264F-4020-AC9D-99260E724AFE}.Debug|x64.ActiveCfg = Debug|x64
		{83AD0C5A-264F-4020-AC9D-99260E724AFE}.Debug|x64.Build.0 = Debug|x64
		{83AD0C5A-264F-4020-AC9D-99260E724AFE}.Debug|x64.Deploy.0 = Debug|x64
		{83AD0C5A-264F-4020-AC9D-99260E724AFE}.Debug|x86.ActiveCfg = Debug|x86
		{83AD0C5A-264F-4020-AC9D-99260E724AFE}.Debug|x86.Build.0 = Debug|x86
		{83AD0C5A-264F-4020-AC9D-99260E724AFE}.Debug|x86.Deploy.0 = Debug|x86
		{83AD0C5A-264F-4020-AC9D-99260E724AFE}.Release|Any CPU.ActiveCfg = Release|x86
		{83AD0C5A-264F-4020-AC9D-99260E724AFE}.Release|Any CPU.Build.0 = Release|x86
		{83AD0C5A-264F-4020-AC9D-99260E724AFE}.Release|Any CPU.Deploy.0 = Release|x86
		{83AD0C5A-264F-4020-AC9D-99260E724AFE}.Release|ARM.ActiveCfg = Release|ARM
		{83AD0C5A-264F-4020-AC9D-99260E724AFE}.Release|ARM.Build.0 = Release|ARM
		{83AD0C5A-264F-4020-AC9D-99260E724AFE}.Release|ARM.Deploy.0 = Release|ARM
		{83AD0C5A-264F-4020-AC9D-99260E724AFE}.Release|iPhone.ActiveCfg = Release|x86
		{83AD0C5A-264F-4020-AC9D-99260E724AFE}.Release|iPhone.Build.0 = Release|x86
		{83AD0C5A-264F-4020-AC9D-99260E724AFE}.Release|iPhone.Deploy.0 = Release|x86
		{83AD0C5A-264F-4020-AC9D-99260E724AFE}.Release|iPhoneSimulator.ActiveCfg = Release|x86
		{83AD0C5A-264F-4020-AC9D-99260E724AFE}.Release|iPhoneSimulator.Build.0 = Release|x86
		{83AD0C5A-264F-4020-AC9D-99260E724AFE}.Release|iPhoneSimulator.Deploy.0 = Release|x86
		{83AD0C5A-264F-4020-AC9D-99260E724AFE}.Release|x64.ActiveCfg = Release|x64
		{83AD0C5A-264F-4020-AC9D-99260E724AFE}.Release|x64.Build.0 = Release|x64
		{83AD0C5A-264F-4020-AC9D-99260E724AFE}.Release|x64.Deploy.0 = Release|x64
		{83AD0C5A-264F-4020-AC9D-99260E724AFE}.Release|x86.ActiveCfg = Release|x86
		{83AD0C5A-264F-4020-AC9D-99260E724AFE}.Release|x86.Build.0 = Release|x86
		{83AD0C5A-264F-4020-AC9D-99260E724AFE}.Release|x86.Deploy.0 = Release|x86
		{9D6270A5-FEFA-48B4-8B87-CA4E73F2C9BF}.Ad-Hoc|Any CPU.ActiveCfg = Debug|Any CPU
		{9D6270A5-FEFA-48B4-8B87-CA4E73F2C9BF}.Ad-Hoc|Any CPU.Build.0 = Debug|Any CPU
		{9D6270A5-FEFA-48B4-8B87-CA4E73F2C9BF}.Ad-Hoc|Any CPU.Deploy.0 = Debug|Any CPU
		{9D6270A5-FEFA-48B4-8B87-CA4E73F2C9BF}.Ad-Hoc|ARM.ActiveCfg = Debug|Any CPU
		{9D6270A5-FEFA-48B4-8B87-CA4E73F2C9BF}.Ad-Hoc|ARM.Build.0 = Debug|Any CPU
		{9D6270A5-FEFA-48B4-8B87-CA4E73F2C9BF}.Ad-Hoc|ARM.Deploy.0 = Debug|Any CPU
		{9D6270A5-FEFA-48B4-8B87-CA4E73F2C9BF}.Ad-Hoc|iPhone.ActiveCfg = Debug|Any CPU
		{9D6270A5-FEFA-48B4-8B87-CA4E73F2C9BF}.Ad-Hoc|iPhone.Build.0 = Debug|Any CPU
		{9D6270A5-FEFA-48B4-8B87-CA4E73F2C9BF}.Ad-Hoc|iPhone.Deploy.0 = Debug|Any CPU
		{9D6270A5-FEFA-48B4-8B87-CA4E73F2C9BF}.Ad-Hoc|iPhoneSimulator.ActiveCfg = Debug|Any CPU
		{9D6270A5-FEFA-48B4-8B87-CA4E73F2C9BF}.Ad-Hoc|iPhoneSimulator.Build.0 = Debug|Any CPU
		{9D6270A5-FEFA-48B4-8B87-CA4E73F2C9BF}.Ad-Hoc|iPhoneSimulator.Deploy.0 = Debug|Any CPU
		{9D6270A5-FEFA-48B4-8B87-CA4E73F2C9BF}.Ad-Hoc|x64.ActiveCfg = Debug|Any CPU
		{9D6270A5-FEFA-48B4-8B87-CA4E73F2C9BF}.Ad-Hoc|x64.Build.0 = Debug|Any CPU
		{9D6270A5-FEFA-48B4-8B87-CA4E73F2C9BF}.Ad-Hoc|x64.Deploy.0 = Debug|Any CPU
		{9D6270A5-FEFA-48B4-8B87-CA4E73F2C9BF}.Ad-Hoc|x86.ActiveCfg = Debug|Any CPU
		{9D6270A5-FEFA-48B4-8B87-CA4E73F2C9BF}.Ad-Hoc|x86.Build.0 = Debug|Any CPU
		{9D6270A5-FEFA-48B4-8B87-CA4E73F2C9BF}.Ad-Hoc|x86.Deploy.0 = Debug|Any CPU
		{9D6270A5-FEFA-48B4-8B87-CA4E73F2C9BF}.AppStore|Any CPU.ActiveCfg = Debug|Any CPU
		{9D6270A5-FEFA-48B4-8B87-CA4E73F2C9BF}.AppStore|Any CPU.Build.0 = Debug|Any CPU
		{9D6270A5-FEFA-48B4-8B87-CA4E73F2C9BF}.AppStore|Any CPU.Deploy.0 = Debug|Any CPU
		{9D6270A5-FEFA-48B4-8B87-CA4E73F2C9BF}.AppStore|ARM.ActiveCfg = Debug|Any CPU
		{9D6270A5-FEFA-48B4-8B87-CA4E73F2C9BF}.AppStore|ARM.Build.0 = Debug|Any CPU
		{9D6270A5-FEFA-48B4-8B87-CA4E73F2C9BF}.AppStore|ARM.Deploy.0 = Debug|Any CPU
		{9D6270A5-FEFA-48B4-8B87-CA4E73F2C9BF}.AppStore|iPhone.ActiveCfg = Debug|Any CPU
		{9D6270A5-FEFA-48B4-8B87-CA4E73F2C9BF}.AppStore|iPhone.Build.0 = Debug|Any CPU
		{9D6270A5-FEFA-48B4-8B87-CA4E73F2C9BF}.AppStore|iPhone.Deploy.0 = Debug|Any CPU
		{9D6270A5-FEFA-48B4-8B87-CA4E73F2C9BF}.AppStore|iPhoneSimulator.ActiveCfg = Debug|Any CPU
		{9D6270A5-FEFA-48B4-8B87-CA4E73F2C9BF}.AppStore|iPhoneSimulator.Build.0 = Debug|Any CPU
		{9D6270A5-FEFA-48B4-8B87-CA4E73F2C9BF}.AppStore|iPhoneSimulator.Deploy.0 = Debug|Any CPU
		{9D6270A5-FEFA-48B4-8B87-CA4E73F2C9BF}.AppStore|x64.ActiveCfg = Debug|Any CPU
		{9D6270A5-FEFA-48B4-8B87-CA4E73F2C9BF}.AppStore|x64.Build.0 = Debug|Any CPU
		{9D6270A5-FEFA-48B4-8B87-CA4E73F2C9BF}.AppStore|x64.Deploy.0 = Debug|Any CPU
		{9D6270A5-FEFA-48B4-8B87-CA4E73F2C9BF}.AppStore|x86.ActiveCfg = Debug|Any CPU
		{9D6270A5-FEFA-48B4-8B87-CA4E73F2C9BF}.AppStore|x86.Build.0 = Debug|Any CPU
		{9D6270A5-FEFA-48B4-8B87-CA4E73F2C9BF}.AppStore|x86.Deploy.0 = Debug|Any CPU
		{9D6270A5-FEFA-48B4-8B87-CA4E73F2C9BF}.Debug|Any CPU.ActiveCfg = Debug|Any CPU
		{9D6270A5-FEFA-48B4-8B87-CA4E73F2C9BF}.Debug|Any CPU.Build.0 = Debug|Any CPU
		{9D6270A5-FEFA-48B4-8B87-CA4E73F2C9BF}.Debug|Any CPU.Deploy.0 = Debug|Any CPU
		{9D6270A5-FEFA-48B4-8B87-CA4E73F2C9BF}.Debug|ARM.ActiveCfg = Debug|Any CPU
		{9D6270A5-FEFA-48B4-8B87-CA4E73F2C9BF}.Debug|ARM.Build.0 = Debug|Any CPU
		{9D6270A5-FEFA-48B4-8B87-CA4E73F2C9BF}.Debug|ARM.Deploy.0 = Debug|Any CPU
		{9D6270A5-FEFA-48B4-8B87-CA4E73F2C9BF}.Debug|iPhone.ActiveCfg = Debug|Any CPU
		{9D6270A5-FEFA-48B4-8B87-CA4E73F2C9BF}.Debug|iPhone.Build.0 = Debug|Any CPU
		{9D6270A5-FEFA-48B4-8B87-CA4E73F2C9BF}.Debug|iPhone.Deploy.0 = Debug|Any CPU
		{9D6270A5-FEFA-48B4-8B87-CA4E73F2C9BF}.Debug|iPhoneSimulator.ActiveCfg = Debug|Any CPU
		{9D6270A5-FEFA-48B4-8B87-CA4E73F2C9BF}.Debug|iPhoneSimulator.Build.0 = Debug|Any CPU
		{9D6270A5-FEFA-48B4-8B87-CA4E73F2C9BF}.Debug|iPhoneSimulator.Deploy.0 = Debug|Any CPU
		{9D6270A5-FEFA-48B4-8B87-CA4E73F2C9BF}.Debug|x64.ActiveCfg = Debug|Any CPU
		{9D6270A5-FEFA-48B4-8B87-CA4E73F2C9BF}.Debug|x64.Build.0 = Debug|Any CPU
		{9D6270A5-FEFA-48B4-8B87-CA4E73F2C9BF}.Debug|x64.Deploy.0 = Debug|Any CPU
		{9D6270A5-FEFA-48B4-8B87-CA4E73F2C9BF}.Debug|x86.ActiveCfg = Debug|Any CPU
		{9D6270A5-FEFA-48B4-8B87-CA4E73F2C9BF}.Debug|x86.Build.0 = Debug|Any CPU
		{9D6270A5-FEFA-48B4-8B87-CA4E73F2C9BF}.Debug|x86.Deploy.0 = Debug|Any CPU
		{9D6270A5-FEFA-48B4-8B87-CA4E73F2C9BF}.Release|Any CPU.ActiveCfg = Release|Any CPU
		{9D6270A5-FEFA-48B4-8B87-CA4E73F2C9BF}.Release|Any CPU.Build.0 = Release|Any CPU
		{9D6270A5-FEFA-48B4-8B87-CA4E73F2C9BF}.Release|Any CPU.Deploy.0 = Release|Any CPU
		{9D6270A5-FEFA-48B4-8B87-CA4E73F2C9BF}.Release|ARM.ActiveCfg = Release|Any CPU
		{9D6270A5-FEFA-48B4-8B87-CA4E73F2C9BF}.Release|ARM.Build.0 = Release|Any CPU
		{9D6270A5-FEFA-48B4-8B87-CA4E73F2C9BF}.Release|ARM.Deploy.0 = Release|Any CPU
		{9D6270A5-FEFA-48B4-8B87-CA4E73F2C9BF}.Release|iPhone.ActiveCfg = Release|Any CPU
		{9D6270A5-FEFA-48B4-8B87-CA4E73F2C9BF}.Release|iPhone.Build.0 = Release|Any CPU
		{9D6270A5-FEFA-48B4-8B87-CA4E73F2C9BF}.Release|iPhone.Deploy.0 = Release|Any CPU
		{9D6270A5-FEFA-48B4-8B87-CA4E73F2C9BF}.Release|iPhoneSimulator.ActiveCfg = Release|Any CPU
		{9D6270A5-FEFA-48B4-8B87-CA4E73F2C9BF}.Release|iPhoneSimulator.Build.0 = Release|Any CPU
		{9D6270A5-FEFA-48B4-8B87-CA4E73F2C9BF}.Release|iPhoneSimulator.Deploy.0 = Release|Any CPU
		{9D6270A5-FEFA-48B4-8B87-CA4E73F2C9BF}.Release|x64.ActiveCfg = Release|Any CPU
		{9D6270A5-FEFA-48B4-8B87-CA4E73F2C9BF}.Release|x64.Build.0 = Release|Any CPU
		{9D6270A5-FEFA-48B4-8B87-CA4E73F2C9BF}.Release|x64.Deploy.0 = Release|Any CPU
		{9D6270A5-FEFA-48B4-8B87-CA4E73F2C9BF}.Release|x86.ActiveCfg = Release|Any CPU
		{9D6270A5-FEFA-48B4-8B87-CA4E73F2C9BF}.Release|x86.Build.0 = Release|Any CPU
		{9D6270A5-FEFA-48B4-8B87-CA4E73F2C9BF}.Release|x86.Deploy.0 = Release|Any CPU
	EndGlobalSection
	GlobalSection(SolutionProperties) = preSolution
		HideSolutionNode = FALSE
	EndGlobalSection
	GlobalSection(ExtensibilityGlobals) = postSolution
		SolutionGuid = {6BD24FA4-EC41-4CBC-A24D-D5F254878539}
	EndGlobalSection
EndGlobal
